
Microsoft Visual Studio Solution File, Format Version 12.00
# Visual Studio 15
VisualStudioVersion = 15.0.28010.2036
MinimumVisualStudioVersion = 10.0.40219.1
Project("{FAE04EC0-301F-11D3-BF4B-00C04F79EFBC}") = "ScraperRozen", "ScraperRozen\ScraperRozen.csproj", "{D7BA6BAF-2F54-43D0-808B-3644BCDB2262}"
EndProject
Global
	GlobalSection(SolutionConfigurationPlatforms) = preSolution
		Debug|Any CPU = Debug|Any CPU
		Release|Any CPU = Release|Any CPU
	EndGlobalSection
	GlobalSection(ProjectConfigurationPlatforms) = postSolution
		{D7BA6BAF-2F54-43D0-808B-3644BCDB2262}.Debug|Any CPU.ActiveCfg = Debug|Any CPU
		{D7BA6BAF-2F54-43D0-808B-3644BCDB2262}.Debug|Any CPU.Build.0 = Debug|Any CPU
		{D7BA6BAF-2F54-43D0-808B-3644BCDB2262}.Release|Any CPU.ActiveCfg = Release|Any CPU
		{D7BA6BAF-2F54-43D0-808B-3644BCDB2262}.Release|Any CPU.Build.0 = Release|Any CPU
	EndGlobalSection
	GlobalSection(SolutionProperties) = preSolution
		HideSolutionNode = FALSE
	EndGlobalSection
	GlobalSection(ExtensibilityGlobals) = postSolution
		SolutionGuid = {4F8A1BFA-1436-441C-8396-16045311323E}
	EndGlobalSection
EndGlobal
